// !$*UTF8*$!
{
	archiveVersion = 1;
	classes = {
	};
	objectVersion = 56;
	objects = {

/* Begin PBXBuildFile section */
		8C8852C42CA648DB00732BA9 /* AppDelegate.swift in Sources */ = {isa = PBXBuildFile; fileRef = 8C8852C32CA648DB00732BA9 /* AppDelegate.swift */; };
		8C8852C62CA648DB00732BA9 /* SceneDelegate.swift in Sources */ = {isa = PBXBuildFile; fileRef = 8C8852C52CA648DB00732BA9 /* SceneDelegate.swift */; };
		8C8852C82CA648DB00732BA9 /* ToDoDailyViewController.swift in Sources */ = {isa = PBXBuildFile; fileRef = 8C8852C72CA648DB00732BA9 /* ToDoDailyViewController.swift */; };
		8C8852CB2CA648DB00732BA9 /* Main.storyboard in Resources */ = {isa = PBXBuildFile; fileRef = 8C8852C92CA648DB00732BA9 /* Main.storyboard */; };
		8C8852CD2CA648DD00732BA9 /* Assets.xcassets in Resources */ = {isa = PBXBuildFile; fileRef = 8C8852CC2CA648DD00732BA9 /* Assets.xcassets */; };
		8C8852D02CA648DD00732BA9 /* LaunchScreen.storyboard in Resources */ = {isa = PBXBuildFile; fileRef = 8C8852CE2CA648DD00732BA9 /* LaunchScreen.storyboard */; };
		8C8852DB2CA648DD00732BA9 /* DoDailyTests.swift in Sources */ = {isa = PBXBuildFile; fileRef = 8C8852DA2CA648DD00732BA9 /* DoDailyTests.swift */; };
		8C8852E52CA648DD00732BA9 /* DoDailyUITests.swift in Sources */ = {isa = PBXBuildFile; fileRef = 8C8852E42CA648DD00732BA9 /* DoDailyUITests.swift */; };
		8C8852E72CA648DD00732BA9 /* DoDailyUITestsLaunchTests.swift in Sources */ = {isa = PBXBuildFile; fileRef = 8C8852E62CA648DD00732BA9 /* DoDailyUITestsLaunchTests.swift */; };
/* End PBXBuildFile section */

/* Begin PBXContainerItemProxy section */
		8C8852D72CA648DD00732BA9 /* PBXContainerItemProxy */ = {
			isa = PBXContainerItemProxy;
			containerPortal = 8C8852B82CA648DB00732BA9 /* Project object */;
			proxyType = 1;
			remoteGlobalIDString = 8C8852BF2CA648DB00732BA9;
			remoteInfo = DoDaily;
		};
		8C8852E12CA648DD00732BA9 /* PBXContainerItemProxy */ = {
			isa = PBXContainerItemProxy;
			containerPortal = 8C8852B82CA648DB00732BA9 /* Project object */;
			proxyType = 1;
			remoteGlobalIDString = 8C8852BF2CA648DB00732BA9;
			remoteInfo = DoDaily;
		};
/* End PBXContainerItemProxy section */

/* Begin PBXFileReference section */
		8C8852C02CA648DB00732BA9 /* DoDaily.app */ = {isa = PBXFileReference; explicitFileType = wrapper.application; includeInIndex = 0; path = DoDaily.app; sourceTree = BUILT_PRODUCTS_DIR; };
		8C8852C32CA648DB00732BA9 /* AppDelegate.swift */ = {isa = PBXFileReference; lastKnownFileType = sourcecode.swift; path = AppDelegate.swift; sourceTree = "<group>"; };
		8C8852C52CA648DB00732BA9 /* SceneDelegate.swift */ = {isa = PBXFileReference; lastKnownFileType = sourcecode.swift; path = SceneDelegate.swift; sourceTree = "<group>"; };
		8C8852C72CA648DB00732BA9 /* ToDoDailyViewController.swift */ = {isa = PBXFileReference; lastKnownFileType = sourcecode.swift; path = ToDoDailyViewController.swift; sourceTree = "<group>"; };
		8C8852CA2CA648DB00732BA9 /* Base */ = {isa = PBXFileReference; lastKnownFileType = file.storyboard; name = Base; path = Base.lproj/Main.storyboard; sourceTree = "<group>"; };
		8C8852CC2CA648DD00732BA9 /* Assets.xcassets */ = {isa = PBXFileReference; lastKnownFileType = folder.assetcatalog; path = Assets.xcassets; sourceTree = "<group>"; };
		8C8852CF2CA648DD00732BA9 /* Base */ = {isa = PBXFileReference; lastKnownFileType = file.storyboard; name = Base; path = Base.lproj/LaunchScreen.storyboard; sourceTree = "<group>"; };
		8C8852D12CA648DD00732BA9 /* Info.plist */ = {isa = PBXFileReference; lastKnownFileType = text.plist.xml; path = Info.plist; sourceTree = "<group>"; };
		8C8852D62CA648DD00732BA9 /* DoDailyTests.xctest */ = {isa = PBXFileReference; explicitFileType = wrapper.cfbundle; includeInIndex = 0; path = DoDailyTests.xctest; sourceTree = BUILT_PRODUCTS_DIR; };
		8C8852DA2CA648DD00732BA9 /* DoDailyTests.swift */ = {isa = PBXFileReference; lastKnownFileType = sourcecode.swift; path = DoDailyTests.swift; sourceTree = "<group>"; };
		8C8852E02CA648DD00732BA9 /* DoDailyUITests.xctest */ = {isa = PBXFileReference; explicitFileType = wrapper.cfbundle; includeInIndex = 0; path = DoDailyUITests.xctest; sourceTree = BUILT_PRODUCTS_DIR; };
		8C8852E42CA648DD00732BA9 /* DoDailyUITests.swift */ = {isa = PBXFileReference; lastKnownFileType = sourcecode.swift; path = DoDailyUITests.swift; sourceTree = "<group>"; };
		8C8852E62CA648DD00732BA9 /* DoDailyUITestsLaunchTests.swift */ = {isa = PBXFileReference; lastKnownFileType = sourcecode.swift; path = DoDailyUITestsLaunchTests.swift; sourceTree = "<group>"; };
/* End PBXFileReference section */

/* Begin PBXFrameworksBuildPhase section */
		8C8852BD2CA648DB00732BA9 /* Frameworks */ = {
			isa = PBXFrameworksBuildPhase;
			buildActionMask = 2147483647;
			files = (
			);
			runOnlyForDeploymentPostprocessing = 0;
		};
		8C8852D32CA648DD00732BA9 /* Frameworks */ = {
			isa = PBXFrameworksBuildPhase;
			buildActionMask = 2147483647;
			files = (
			);
			runOnlyForDeploymentPostprocessing = 0;
		};
		8C8852DD2CA648DD00732BA9 /* Frameworks */ = {
			isa = PBXFrameworksBuildPhase;
			buildActionMask = 2147483647;
			files = (
			);
			runOnlyForDeploymentPostprocessing = 0;
		};
/* End PBXFrameworksBuildPhase section */

/* Begin PBXGroup section */
		8C8852B72CA648DB00732BA9 = {
			isa = PBXGroup;
			children = (
				8C8852C22CA648DB00732BA9 /* DoDaily */,
				8C8852D92CA648DD00732BA9 /* DoDailyTests */,
				8C8852E32CA648DD00732BA9 /* DoDailyUITests */,
				8C8852C12CA648DB00732BA9 /* Products */,
			);
			sourceTree = "<group>";
		};
		8C8852C12CA648DB00732BA9 /* Products */ = {
			isa = PBXGroup;
			children = (
				8C8852C02CA648DB00732BA9 /* DoDaily.app */,
				8C8852D62CA648DD00732BA9 /* DoDailyTests.xctest */,
				8C8852E02CA648DD00732BA9 /* DoDailyUITests.xctest */,
			);
			name = Products;
			sourceTree = "<group>";
		};
		8C8852C22CA648DB00732BA9 /* DoDaily */ = {
			isa = PBXGroup;
			children = (
				8C8852C32CA648DB00732BA9 /* AppDelegate.swift */,
				8C8852C52CA648DB00732BA9 /* SceneDelegate.swift */,
				8C8852C72CA648DB00732BA9 /* ToDoDailyViewController.swift */,
				8C8852C92CA648DB00732BA9 /* Main.storyboard */,
				8C8852CC2CA648DD00732BA9 /* Assets.xcassets */,
				8C8852CE2CA648DD00732BA9 /* LaunchScreen.storyboard */,
				8C8852D12CA648DD00732BA9 /* Info.plist */,
			);
			path = DoDaily;
			sourceTree = "<group>";
		};
		8C8852D92CA648DD00732BA9 /* DoDailyTests */ = {
			isa = PBXGroup;
			children = (
				8C8852DA2CA648DD00732BA9 /* DoDailyTests.swift */,
			);
			path = DoDailyTests;
			sourceTree = "<group>";
		};
		8C8852E32CA648DD00732BA9 /* DoDailyUITests */ = {
			isa = PBXGroup;
			children = (
				8C8852E42CA648DD00732BA9 /* DoDailyUITests.swift */,
				8C8852E62CA648DD00732BA9 /* DoDailyUITestsLaunchTests.swift */,
			);
			path = DoDailyUITests;
			sourceTree = "<group>";
		};
/* End PBXGroup section */

/* Begin PBXNativeTarget section */
		8C8852BF2CA648DB00732BA9 /* DoDaily */ = {
			isa = PBXNativeTarget;
			buildConfigurationList = 8C8852EA2CA648DD00732BA9 /* Build configuration list for PBXNativeTarget "DoDaily" */;
			buildPhases = (
				8C8852BC2CA648DB00732BA9 /* Sources */,
				8C8852BD2CA648DB00732BA9 /* Frameworks */,
				8C8852BE2CA648DB00732BA9 /* Resources */,
			);
			buildRules = (
			);
			dependencies = (
			);
			name = DoDaily;
			productName = DoDaily;
			productReference = 8C8852C02CA648DB00732BA9 /* DoDaily.app */;
			productType = "com.apple.product-type.application";
		};
		8C8852D52CA648DD00732BA9 /* DoDailyTests */ = {
			isa = PBXNativeTarget;
			buildConfigurationList = 8C8852ED2CA648DD00732BA9 /* Build configuration list for PBXNativeTarget "DoDailyTests" */;
			buildPhases = (
				8C8852D22CA648DD00732BA9 /* Sources */,
				8C8852D32CA648DD00732BA9 /* Frameworks */,
				8C8852D42CA648DD00732BA9 /* Resources */,
			);
			buildRules = (
			);
			dependencies = (
				8C8852D82CA648DD00732BA9 /* PBXTargetDependency */,
			);
			name = DoDailyTests;
			productName = DoDailyTests;
			productReference = 8C8852D62CA648DD00732BA9 /* DoDailyTests.xctest */;
			productType = "com.apple.product-type.bundle.unit-test";
		};
		8C8852DF2CA648DD00732BA9 /* DoDailyUITests */ = {
			isa = PBXNativeTarget;
			buildConfigurationList = 8C8852F02CA648DD00732BA9 /* Build configuration list for PBXNativeTarget "DoDailyUITests" */;
			buildPhases = (
				8C8852DC2CA648DD00732BA9 /* Sources */,
				8C8852DD2CA648DD00732BA9 /* Frameworks */,
				8C8852DE2CA648DD00732BA9 /* Resources */,
			);
			buildRules = (
			);
			dependencies = (
				8C8852E22CA648DD00732BA9 /* PBXTargetDependency */,
			);
			name = DoDailyUITests;
			productName = DoDailyUITests;
			productReference = 8C8852E02CA648DD00732BA9 /* DoDailyUITests.xctest */;
			productType = "com.apple.product-type.bundle.ui-testing";
		};
/* End PBXNativeTarget section */

/* Begin PBXProject section */
		8C8852B82CA648DB00732BA9 /* Project object */ = {
			isa = PBXProject;
			attributes = {
				BuildIndependentTargetsInParallel = 1;
				LastSwiftUpdateCheck = 1520;
				LastUpgradeCheck = 1520;
				TargetAttributes = {
					8C8852BF2CA648DB00732BA9 = {
						CreatedOnToolsVersion = 15.2;
					};
					8C8852D52CA648DD00732BA9 = {
						CreatedOnToolsVersion = 15.2;
						TestTargetID = 8C8852BF2CA648DB00732BA9;
					};
					8C8852DF2CA648DD00732BA9 = {
						CreatedOnToolsVersion = 15.2;
						TestTargetID = 8C8852BF2CA648DB00732BA9;
					};
				};
			};
			buildConfigurationList = 8C8852BB2CA648DB00732BA9 /* Build configuration list for PBXProject "DoDaily" */;
			compatibilityVersion = "Xcode 14.0";
			developmentRegion = en;
			hasScannedForEncodings = 0;
			knownRegions = (
				en,
				Base,
			);
			mainGroup = 8C8852B72CA648DB00732BA9;
			productRefGroup = 8C8852C12CA648DB00732BA9 /* Products */;
			projectDirPath = "";
			projectRoot = "";
			targets = (
				8C8852BF2CA648DB00732BA9 /* DoDaily */,
				8C8852D52CA648DD00732BA9 /* DoDailyTests */,
				8C8852DF2CA648DD00732BA9 /* DoDailyUITests */,
			);
		};
/* End PBXProject section */

/* Begin PBXResourcesBuildPhase section */
		8C8852BE2CA648DB00732BA9 /* Resources */ = {
			isa = PBXResourcesBuildPhase;
			buildActionMask = 2147483647;
			files = (
				8C8852D02CA648DD00732BA9 /* LaunchScreen.storyboard in Resources */,
				8C8852CD2CA648DD00732BA9 /* Assets.xcassets in Resources */,
				8C8852CB2CA648DB00732BA9 /* Main.storyboard in Resources */,
			);
			runOnlyForDeploymentPostprocessing = 0;
		};
		8C8852D42CA648DD00732BA9 /* Resources */ = {
			isa = PBXResourcesBuildPhase;
			buildActionMask = 2147483647;
			files = (
			);
			runOnlyForDeploymentPostprocessing = 0;
		};
		8C8852DE2CA648DD00732BA9 /* Resources */ = {
			isa = PBXResourcesBuildPhase;
			buildActionMask = 2147483647;
			files = (
			);
			runOnlyForDeploymentPostprocessing = 0;
		};
/* End PBXResourcesBuildPhase section */

/* Begin PBXSourcesBuildPhase section */
		8C8852BC2CA648DB00732BA9 /* Sources */ = {
			isa = PBXSourcesBuildPhase;
			buildActionMask = 2147483647;
			files = (
				8C8852C82CA648DB00732BA9 /* ToDoDailyViewController.swift in Sources */,
				8C8852C42CA648DB00732BA9 /* AppDelegate.swift in Sources */,
				8C8852C62CA648DB00732BA9 /* SceneDelegate.swift in Sources */,
			);
			runOnlyForDeploymentPostprocessing = 0;
		};
		8C8852D22CA648DD00732BA9 /* Sources */ = {
			isa = PBXSourcesBuildPhase;
			buildActionMask = 2147483647;
			files = (
				8C8852DB2CA648DD00732BA9 /* DoDailyTests.swift in Sources */,
			);
			runOnlyForDeploymentPostprocessing = 0;
		};
		8C8852DC2CA648DD00732BA9 /* Sources */ = {
			isa = PBXSourcesBuildPhase;
			buildActionMask = 2147483647;
			files = (
				8C8852E52CA648DD00732BA9 /* DoDailyUITests.swift in Sources */,
				8C8852E72CA648DD00732BA9 /* DoDailyUITestsLaunchTests.swift in Sources */,
			);
			runOnlyForDeploymentPostprocessing = 0;
		};
/* End PBXSourcesBuildPhase section */

/* Begin PBXTargetDependency section */
		8C8852D82CA648DD00732BA9 /* PBXTargetDependency */ = {
			isa = PBXTargetDependency;
			target = 8C8852BF2CA648DB00732BA9 /* DoDaily */;
			targetProxy = 8C8852D72CA648DD00732BA9 /* PBXContainerItemProxy */;
		};
		8C8852E22CA648DD00732BA9 /* PBXTargetDependency */ = {
			isa = PBXTargetDependency;
			target = 8C8852BF2CA648DB00732BA9 /* DoDaily */;
			targetProxy = 8C8852E12CA648DD00732BA9 /* PBXContainerItemProxy */;
		};
/* End PBXTargetDependency section */

/* Begin PBXVariantGroup section */
		8C8852C92CA648DB00732BA9 /* Main.storyboard */ = {
			isa = PBXVariantGroup;
			children = (
				8C8852CA2CA648DB00732BA9 /* Base */,
			);
			name = Main.storyboard;
			sourceTree = "<group>";
		};
		8C8852CE2CA648DD00732BA9 /* LaunchScreen.storyboard */ = {
			isa = PBXVariantGroup;
			children = (
				8C8852CF2CA648DD00732BA9 /* Base */,
			);
			name = LaunchScreen.storyboard;
			sourceTree = "<group>";
		};
/* End PBXVariantGroup section */

/* Begin XCBuildConfiguration section */
		8C8852E82CA648DD00732BA9 /* Debug */ = {
			isa = XCBuildConfiguration;
			buildSettings = {
				ALWAYS_SEARCH_USER_PATHS = NO;
				ASSETCATALOG_COMPILER_GENERATE_SWIFT_ASSET_SYMBOL_EXTENSIONS = YES;
				CLANG_ANALYZER_NONNULL = YES;
				CLANG_ANALYZER_NUMBER_OBJECT_CONVERSION = YES_AGGRESSIVE;
				CLANG_CXX_LANGUAGE_STANDARD = "gnu++20";
				CLANG_ENABLE_MODULES = YES;
				CLANG_ENABLE_OBJC_ARC = YES;
				CLANG_ENABLE_OBJC_WEAK = YES;
				CLANG_WARN_BLOCK_CAPTURE_AUTORELEASING = YES;
				CLANG_WARN_BOOL_CONVERSION = YES;
				CLANG_WARN_COMMA = YES;
				CLANG_WARN_CONSTANT_CONVERSION = YES;
				CLANG_WARN_DEPRECATED_OBJC_IMPLEMENTATIONS = YES;
				CLANG_WARN_DIRECT_OBJC_ISA_USAGE = YES_ERROR;
				CLANG_WARN_DOCUMENTATION_COMMENTS = YES;
				CLANG_WARN_EMPTY_BODY = YES;
				CLANG_WARN_ENUM_CONVERSION = YES;
				CLANG_WARN_INFINITE_RECURSION = YES;
				CLANG_WARN_INT_CONVERSION = YES;
				CLANG_WARN_NON_LITERAL_NULL_CONVERSION = YES;
				CLANG_WARN_OBJC_IMPLICIT_RETAIN_SELF = YES;
				CLANG_WARN_OBJC_LITERAL_CONVERSION = YES;
				CLANG_WARN_OBJC_ROOT_CLASS = YES_ERROR;
				CLANG_WARN_QUOTED_INCLUDE_IN_FRAMEWORK_HEADER = YES;
				CLANG_WARN_RANGE_LOOP_ANALYSIS = YES;
				CLANG_WARN_STRICT_PROTOTYPES = YES;
				CLANG_WARN_SUSPICIOUS_MOVE = YES;
				CLANG_WARN_UNGUARDED_AVAILABILITY = YES_AGGRESSIVE;
				CLANG_WARN_UNREACHABLE_CODE = YES;
				CLANG_WARN__DUPLICATE_METHOD_MATCH = YES;
				COPY_PHASE_STRIP = NO;
				DEBUG_INFORMATION_FORMAT = dwarf;
				ENABLE_STRICT_OBJC_MSGSEND = YES;
				ENABLE_TESTABILITY = YES;
				ENABLE_USER_SCRIPT_SANDBOXING = YES;
				GCC_C_LANGUAGE_STANDARD = gnu17;
				GCC_DYNAMIC_NO_PIC = NO;
				GCC_NO_COMMON_BLOCKS = YES;
				GCC_OPTIMIZATION_LEVEL = 0;
				GCC_PREPROCESSOR_DEFINITIONS = (
					"DEBUG=1",
					"$(inherited)",
				);
				GCC_WARN_64_TO_32_BIT_CONVERSION = YES;
				GCC_WARN_ABOUT_RETURN_TYPE = YES_ERROR;
				GCC_WARN_UNDECLARED_SELECTOR = YES;
				GCC_WARN_UNINITIALIZED_AUTOS = YES_AGGRESSIVE;
				GCC_WARN_UNUSED_FUNCTION = YES;
				GCC_WARN_UNUSED_VARIABLE = YES;
				IPHONEOS_DEPLOYMENT_TARGET = 17.2;
				LOCALIZATION_PREFERS_STRING_CATALOGS = YES;
				MTL_ENABLE_DEBUG_INFO = INCLUDE_SOURCE;
				MTL_FAST_MATH = YES;
				ONLY_ACTIVE_ARCH = YES;
				SDKROOT = iphoneos;
				SWIFT_ACTIVE_COMPILATION_CONDITIONS = "DEBUG $(inherited)";
				SWIFT_OPTIMIZATION_LEVEL = "-Onone";
			};
			name = Debug;
		};
		8C8852E92CA648DD00732BA9 /* Release */ = {
			isa = XCBuildConfiguration;
			buildSettings = {
				ALWAYS_SEARCH_USER_PATHS = NO;
				ASSETCATALOG_COMPILER_GENERATE_SWIFT_ASSET_SYMBOL_EXTENSIONS = YES;
				CLANG_ANALYZER_NONNULL = YES;
				CLANG_ANALYZER_NUMBER_OBJECT_CONVERSION = YES_AGGRESSIVE;
				CLANG_CXX_LANGUAGE_STANDARD = "gnu++20";
				CLANG_ENABLE_MODULES = YES;
				CLANG_ENABLE_OBJC_ARC = YES;
				CLANG_ENABLE_OBJC_WEAK = YES;
				CLANG_WARN_BLOCK_CAPTURE_AUTORELEASING = YES;
				CLANG_WARN_BOOL_CONVERSION = YES;
				CLANG_WARN_COMMA = YES;
				CLANG_WARN_CONSTANT_CONVERSION = YES;
				CLANG_WARN_DEPRECATED_OBJC_IMPLEMENTATIONS = YES;
				CLANG_WARN_DIRECT_OBJC_ISA_USAGE = YES_ERROR;
				CLANG_WARN_DOCUMENTATION_COMMENTS = YES;
				CLANG_WARN_EMPTY_BODY = YES;
				CLANG_WARN_ENUM_CONVERSION = YES;
				CLANG_WARN_INFINITE_RECURSION = YES;
				CLANG_WARN_INT_CONVERSION = YES;
				CLANG_WARN_NON_LITERAL_NULL_CONVERSION = YES;
				CLANG_WARN_OBJC_IMPLICIT_RETAIN_SELF = YES;
				CLANG_WARN_OBJC_LITERAL_CONVERSION = YES;
				CLANG_WARN_OBJC_ROOT_CLASS = YES_ERROR;
				CLANG_WARN_QUOTED_INCLUDE_IN_FRAMEWORK_HEADER = YES;
				CLANG_WARN_RANGE_LOOP_ANALYSIS = YES;
				CLANG_WARN_STRICT_PROTOTYPES = YES;
				CLANG_WARN_SUSPICIOUS_MOVE = YES;
				CLANG_WARN_UNGUARDED_AVAILABILITY = YES_AGGRESSIVE;
				CLANG_WARN_UNREACHABLE_CODE = YES;
				CLANG_WARN__DUPLICATE_METHOD_MATCH = YES;
				COPY_PHASE_STRIP = NO;
				DEBUG_INFORMATION_FORMAT = "dwarf-with-dsym";
				ENABLE_NS_ASSERTIONS = NO;
				ENABLE_STRICT_OBJC_MSGSEND = YES;
				ENABLE_USER_SCRIPT_SANDBOXING = YES;
				GCC_C_LANGUAGE_STANDARD = gnu17;
				GCC_NO_COMMON_BLOCKS = YES;
				GCC_WARN_64_TO_32_BIT_CONVERSION = YES;
				GCC_WARN_ABOUT_RETURN_TYPE = YES_ERROR;
				GCC_WARN_UNDECLARED_SELECTOR = YES;
				GCC_WARN_UNINITIALIZED_AUTOS = YES_AGGRESSIVE;
				GCC_WARN_UNUSED_FUNCTION = YES;
				GCC_WARN_UNUSED_VARIABLE = YES;
				IPHONEOS_DEPLOYMENT_TARGET = 17.2;
				LOCALIZATION_PREFERS_STRING_CATALOGS = YES;
				MTL_ENABLE_DEBUG_INFO = NO;
				MTL_FAST_MATH = YES;
				SDKROOT = iphoneos;
				SWIFT_COMPILATION_MODE = wholemodule;
				VALIDATE_PRODUCT = YES;
			};
			name = Release;
		};
		8C8852EB2CA648DD00732BA9 /* Debug */ = {
			isa = XCBuildConfiguration;
			buildSettings = {
				ASSETCATALOG_COMPILER_APPICON_NAME = AppIcon;
				ASSETCATALOG_COMPILER_GLOBAL_ACCENT_COLOR_NAME = AccentColor;
				CODE_SIGN_STYLE = Automatic;
				CURRENT_PROJECT_VERSION = 1;
				DEVELOPMENT_TEAM = NS5Y9M4A6U;
				GENERATE_INFOPLIST_FILE = YES;
				INFOPLIST_FILE = DoDaily/Info.plist;
				INFOPLIST_KEY_UIApplicationSupportsIndirectInputEvents = YES;
				INFOPLIST_KEY_UILaunchStoryboardName = LaunchScreen;
				INFOPLIST_KEY_UIMainStoryboardFile = Main;
				INFOPLIST_KEY_UISupportedInterfaceOrientations_iPad = "UIInterfaceOrientationPortrait UIInterfaceOrientationPortraitUpsideDown UIInterfaceOrientationLandscapeLeft UIInterfaceOrientationLandscapeRight";
				INFOPLIST_KEY_UISupportedInterfaceOrientations_iPhone = "UIInterfaceOrientationPortrait UIInterfaceOrientationLandscapeLeft UIInterfaceOrientationLandscapeRight";
				LD_RUNPATH_SEARCH_PATHS = (
					"$(inherited)",
					"@executable_path/Frameworks",
				);
				MARKETING_VERSION = 1.0;
				PRODUCT_BUNDLE_IDENTIFIER = com.users.LinkDemo.DoDaily;
				PRODUCT_NAME = "$(TARGET_NAME)";
				SWIFT_EMIT_LOC_STRINGS = YES;
				SWIFT_VERSION = 5.0;
				TARGETED_DEVICE_FAMILY = "1,2";
			};
			name = Debug;
		};
		8C8852EC2CA648DD00732BA9 /* Release */ = {
			isa = XCBuildConfiguration;
			buildSettings = {
				ASSETCATALOG_COMPILER_APPICON_NAME = AppIcon;
				ASSETCATALOG_COMPILER_GLOBAL_ACCENT_COLOR_NAME = AccentColor;
				CODE_SIGN_STYLE = Automatic;
				CURRENT_PROJECT_VERSION = 1;
				DEVELOPMENT_TEAM = NS5Y9M4A6U;
				GENERATE_INFOPLIST_FILE = YES;
				INFOPLIST_FILE = DoDaily/Info.plist;
				INFOPLIST_KEY_UIApplicationSupportsIndirectInputEvents = YES;
				INFOPLIST_KEY_UILaunchStoryboardName = LaunchScreen;
				INFOPLIST_KEY_UIMainStoryboardFile = Main;
				INFOPLIST_KEY_UISupportedInterfaceOrientations_iPad = "UIInterfaceOrientationPortrait UIInterfaceOrientationPortraitUpsideDown UIInterfaceOrientationLandscapeLeft UIInterfaceOrientationLandscapeRight";
				INFOPLIST_KEY_UISupportedInterfaceOrientations_iPhone = "UIInterfaceOrientationPortrait UIInterfaceOrientationLandscapeLeft UIInterfaceOrientationLandscapeRight";
				LD_RUNPATH_SEARCH_PATHS = (
					"$(inherited)",
					"@executable_path/Frameworks",
				);
				MARKETING_VERSION = 1.0;
				PRODUCT_BUNDLE_IDENTIFIER = com.users.LinkDemo.DoDaily;
				PRODUCT_NAME = "$(TARGET_NAME)";
				SWIFT_EMIT_LOC_STRINGS = YES;
				SWIFT_VERSION = 5.0;
				TARGETED_DEVICE_FAMILY = "1,2";
			};
			name = Release;
		};
		8C8852EE2CA648DD00732BA9 /* Debug */ = {
			isa = XCBuildConfiguration;
			buildSettings = {
				ALWAYS_EMBED_SWIFT_STANDARD_LIBRARIES = YES;
				BUNDLE_LOADER = "$(TEST_HOST)";
				CODE_SIGN_STYLE = Automatic;
				CURRENT_PROJECT_VERSION = 1;
				DEVELOPMENT_TEAM = NS5Y9M4A6U;
				GENERATE_INFOPLIST_FILE = YES;
				IPHONEOS_DEPLOYMENT_TARGET = 17.2;
				MARKETING_VERSION = 1.0;
				PRODUCT_BUNDLE_IDENTIFIER = com.users.LinkDemo.DoDailyTests;
				PRODUCT_NAME = "$(TARGET_NAME)";
				SWIFT_EMIT_LOC_STRINGS = NO;
				SWIFT_VERSION = 5.0;
				TARGETED_DEVICE_FAMILY = "1,2";
				TEST_HOST = "$(BUILT_PRODUCTS_DIR)/DoDaily.app/$(BUNDLE_EXECUTABLE_FOLDER_PATH)/DoDaily";
			};
			name = Debug;
		};
		8C8852EF2CA648DD00732BA9 /* Release */ = {
			isa = XCBuildConfiguration;
			buildSettings = {
				ALWAYS_EMBED_SWIFT_STANDARD_LIBRARIES = YES;
				BUNDLE_LOADER = "$(TEST_HOST)";
				CODE_SIGN_STYLE = Automatic;
				CURRENT_PROJECT_VERSION = 1;
				DEVELOPMENT_TEAM = NS5Y9M4A6U;
				GENERATE_INFOPLIST_FILE = YES;
				IPHONEOS_DEPLOYMENT_TARGET = 17.2;
				MARKETING_VERSION = 1.0;
				PRODUCT_BUNDLE_IDENTIFIER = com.users.LinkDemo.DoDailyTests;
				PRODUCT_NAME = "$(TARGET_NAME)";
				SWIFT_EMIT_LOC_STRINGS = NO;
				SWIFT_VERSION = 5.0;
				TARGETED_DEVICE_FAMILY = "1,2";
				TEST_HOST = "$(BUILT_PRODUCTS_DIR)/DoDaily.app/$(BUNDLE_EXECUTABLE_FOLDER_PATH)/DoDaily";
			};
			name = Release;
		};
		8C8852F12CA648DD00732BA9 /* Debug */ = {
			isa = XCBuildConfiguration;
			buildSettings = {
				ALWAYS_EMBED_SWIFT_STANDARD_LIBRARIES = YES;
				CODE_SIGN_STYLE = Automatic;
				CURRENT_PROJECT_VERSION = 1;
				DEVELOPMENT_TEAM = NS5Y9M4A6U;
				GENERATE_INFOPLIST_FILE = YES;
				MARKETING_VERSION = 1.0;
				PRODUCT_BUNDLE_IDENTIFIER = com.users.LinkDemo.DoDailyUITests;
				PRODUCT_NAME = "$(TARGET_NAME)";
				SWIFT_EMIT_LOC_STRINGS = NO;
				SWIFT_VERSION = 5.0;
				TARGETED_DEVICE_FAMILY = "1,2";
				TEST_TARGET_NAME = DoDaily;
			};
			name = Debug;
		};
		8C8852F22CA648DD00732BA9 /* Release */ = {
			isa = XCBuildConfiguration;
			buildSettings = {
				ALWAYS_EMBED_SWIFT_STANDARD_LIBRARIES = YES;
				CODE_SIGN_STYLE = Automatic;
				CURRENT_PROJECT_VERSION = 1;
				DEVELOPMENT_TEAM = NS5Y9M4A6U;
				GENERATE_INFOPLIST_FILE = YES;
				MARKETING_VERSION = 1.0;
				PRODUCT_BUNDLE_IDENTIFIER = com.users.LinkDemo.DoDailyUITests;
				PRODUCT_NAME = "$(TARGET_NAME)";
				SWIFT_EMIT_LOC_STRINGS = NO;
				SWIFT_VERSION = 5.0;
				TARGETED_DEVICE_FAMILY = "1,2";
				TEST_TARGET_NAME = DoDaily;
			};
			name = Release;
		};
/* End XCBuildConfiguration section */

/* Begin XCConfigurationList section */
		8C8852BB2CA648DB00732BA9 /* Build configuration list for PBXProject "DoDaily" */ = {
			isa = XCConfigurationList;
			buildConfigurations = (
				8C8852E82CA648DD00732BA9 /* Debug */,
				8C8852E92CA648DD00732BA9 /* Release */,
			);
			defaultConfigurationIsVisible = 0;
			defaultConfigurationName = Release;
		};
		8C8852EA2CA648DD00732BA9 /* Build configuration list for PBXNativeTarget "DoDaily" */ = {
			isa = XCConfigurationList;
			buildConfigurations = (
				8C8852EB2CA648DD00732BA9 /* Debug */,
				8C8852EC2CA648DD00732BA9 /* Release */,
			);
			defaultConfigurationIsVisible = 0;
			defaultConfigurationName = Release;
		};
		8C8852ED2CA648DD00732BA9 /* Build configuration list for PBXNativeTarget "DoDailyTests" */ = {
			isa = XCConfigurationList;
			buildConfigurations = (
				8C8852EE2CA648DD00732BA9 /* Debug */,
				8C8852EF2CA648DD00732BA9 /* Release */,
			);
			defaultConfigurationIsVisible = 0;
			defaultConfigurationName = Release;
		};
		8C8852F02CA648DD00732BA9 /* Build configuration list for PBXNativeTarget "DoDailyUITests" */ = {
			isa = XCConfigurationList;
			buildConfigurations = (
				8C8852F12CA648DD00732BA9 /* Debug */,
				8C8852F22CA648DD00732BA9 /* Release */,
			);
			defaultConfigurationIsVisible = 0;
			defaultConfigurationName = Release;
		};
/* End XCConfigurationList section */
	};
	rootObject = 8C8852B82CA648DB00732BA9 /* Project object */;
}
